
Microsoft Visual Studio Solution File, Format Version 12.00
# Visual Studio Version 17
VisualStudioVersion = 17.8.34309.116
MinimumVisualStudioVersion = 10.0.40219.1
Project("{FAE04EC0-301F-11D3-BF4B-00C04F79EFBC}") = "HW_CSharp_1.1", "HW_CSharp_1.1\HW_CSharp_1.1.csproj", "{DC4D79FE-ECC8-41FC-95BB-E6DDD27BF074}"
EndProject
Global
	GlobalSection(SolutionConfigurationPlatforms) = preSolution
		Debug|Any CPU = Debug|Any CPU
		Release|Any CPU = Release|Any CPU
	EndGlobalSection
	GlobalSection(ProjectConfigurationPlatforms) = postSolution
		{DC4D79FE-ECC8-41FC-95BB-E6DDD27BF074}.Debug|Any CPU.ActiveCfg = Debug|Any CPU
		{DC4D79FE-ECC8-41FC-95BB-E6DDD27BF074}.Debug|Any CPU.Build.0 = Debug|Any CPU
		{DC4D79FE-ECC8-41FC-95BB-E6DDD27BF074}.Release|Any CPU.ActiveCfg = Release|Any CPU
		{DC4D79FE-ECC8-41FC-95BB-E6DDD27BF074}.Release|Any CPU.Build.0 = Release|Any CPU
	EndGlobalSection
	GlobalSection(SolutionProperties) = preSolution
		HideSolutionNode = FALSE
	EndGlobalSection
	GlobalSection(ExtensibilityGlobals) = postSolution
		SolutionGuid = {395EA0E7-F11E-41DB-A6DE-1A212B4BEE35}
	EndGlobalSection
EndGlobal
